
Microsoft Visual Studio Solution File, Format Version 12.00
# Visual Studio Version 16
VisualStudioVersion = 25.0.1706.14
MinimumVisualStudioVersion = 10.0.40219.1
Project("{FAE04EC0-301F-11D3-BF4B-00C04F79EFBC}") = "Dungeon Crawler", "Dungeon Crawler.csproj", "{45A08A1E-D87F-43AB-9188-2FC0E97429B2}"
EndProject
Global
	GlobalSection(SolutionConfigurationPlatforms) = preSolution
		Debug|Any CPU = Debug|Any CPU
		Release|Any CPU = Release|Any CPU
	EndGlobalSection
	GlobalSection(ProjectConfigurationPlatforms) = postSolution
		{45A08A1E-D87F-43AB-9188-2FC0E97429B2}.Debug|Any CPU.ActiveCfg = Debug|Any CPU
		{45A08A1E-D87F-43AB-9188-2FC0E97429B2}.Debug|Any CPU.Build.0 = Debug|Any CPU
		{45A08A1E-D87F-43AB-9188-2FC0E97429B2}.Release|Any CPU.ActiveCfg = Release|Any CPU
		{45A08A1E-D87F-43AB-9188-2FC0E97429B2}.Release|Any CPU.Build.0 = Release|Any CPU
	EndGlobalSection
	GlobalSection(SolutionProperties) = preSolution
		HideSolutionNode = FALSE
	EndGlobalSection
	GlobalSection(ExtensibilityGlobals) = postSolution
		SolutionGuid = {CC93EC22-9E78-45C9-ACC4-85B938EFF2C1}
	EndGlobalSection
EndGlobal
